
Microsoft Visual Studio Solution File, Format Version 12.00
# Visual Studio Version 17
VisualStudioVersion = 17.5.33424.131
MinimumVisualStudioVersion = 10.0.40219.1
Project("{9A19103F-16F7-4668-BE54-9A1E7A4F7556}") = "Plugin Common Library", "Plugin Common Library.csproj", "{56EEC8E7-2B90-4394-A9EF-95450FEA1723}"
EndProject
Global
	GlobalSection(SolutionConfigurationPlatforms) = preSolution
		Debug|Any CPU = Debug|Any CPU
		Debug|x64 = Debug|x64
		Release|Any CPU = Release|Any CPU
		Release|x64 = Release|x64
	EndGlobalSection
	GlobalSection(ProjectConfigurationPlatforms) = postSolution
		{56EEC8E7-2B90-4394-A9EF-95450FEA1723}.Debug|Any CPU.ActiveCfg = Release|x64
		{56EEC8E7-2B90-4394-A9EF-95450FEA1723}.Debug|Any CPU.Build.0 = Release|x64
		{56EEC8E7-2B90-4394-A9EF-95450FEA1723}.Debug|x64.ActiveCfg = Debug|x64
		{56EEC8E7-2B90-4394-A9EF-95450FEA1723}.Debug|x64.Build.0 = Debug|x64
		{56EEC8E7-2B90-4394-A9EF-95450FEA1723}.Release|Any CPU.ActiveCfg = Release|Any CPU
		{56EEC8E7-2B90-4394-A9EF-95450FEA1723}.Release|Any CPU.Build.0 = Release|Any CPU
		{56EEC8E7-2B90-4394-A9EF-95450FEA1723}.Release|x64.ActiveCfg = Release|x64
		{56EEC8E7-2B90-4394-A9EF-95450FEA1723}.Release|x64.Build.0 = Release|x64
	EndGlobalSection
	GlobalSection(SolutionProperties) = preSolution
		HideSolutionNode = FALSE
	EndGlobalSection
	GlobalSection(ExtensibilityGlobals) = postSolution
		SolutionGuid = {43EC3BDD-C1EE-4A1C-8D47-501A7DEBA10C}
	EndGlobalSection
EndGlobal
